
Microsoft Visual Studio Solution File, Format Version 12.00
# Visual Studio Version 16
VisualStudioVersion = 16.0.29920.165
MinimumVisualStudioVersion = 10.0.40219.1
Project("{FAE04EC0-301F-11D3-BF4B-00C04F79EFBC}") = "WebApp", "WebApp\WebApp.csproj", "{421C22B3-37BA-403D-BF7F-792A103688E8}"
EndProject
Project("{FAE04EC0-301F-11D3-BF4B-00C04F79EFBC}") = "Crypto.Data", "Crypto.Data\Crypto.Data.csproj", "{E9E945FB-2E68-4DB8-8048-42FB7A36E0C6}"
EndProject
Project("{FAE04EC0-301F-11D3-BF4B-00C04F79EFBC}") = "WebApp.UnitTests", "WebApp.Tests\WebApp.UnitTests.csproj", "{35AE2EE6-FCFF-4F5C-86EE-343655F6242C}"
EndProject
Global
	GlobalSection(SolutionConfigurationPlatforms) = preSolution
		Debug|Any CPU = Debug|Any CPU
		Release|Any CPU = Release|Any CPU
	EndGlobalSection
	GlobalSection(ProjectConfigurationPlatforms) = postSolution
		{421C22B3-37BA-403D-BF7F-792A103688E8}.Debug|Any CPU.ActiveCfg = Debug|Any CPU
		{421C22B3-37BA-403D-BF7F-792A103688E8}.Debug|Any CPU.Build.0 = Debug|Any CPU
		{421C22B3-37BA-403D-BF7F-792A103688E8}.Release|Any CPU.ActiveCfg = Release|Any CPU
		{421C22B3-37BA-403D-BF7F-792A103688E8}.Release|Any CPU.Build.0 = Release|Any CPU
		{E9E945FB-2E68-4DB8-8048-42FB7A36E0C6}.Debug|Any CPU.ActiveCfg = Debug|Any CPU
		{E9E945FB-2E68-4DB8-8048-42FB7A36E0C6}.Debug|Any CPU.Build.0 = Debug|Any CPU
		{E9E945FB-2E68-4DB8-8048-42FB7A36E0C6}.Release|Any CPU.ActiveCfg = Release|Any CPU
		{E9E945FB-2E68-4DB8-8048-42FB7A36E0C6}.Release|Any CPU.Build.0 = Release|Any CPU
		{35AE2EE6-FCFF-4F5C-86EE-343655F6242C}.Debug|Any CPU.ActiveCfg = Debug|Any CPU
		{35AE2EE6-FCFF-4F5C-86EE-343655F6242C}.Debug|Any CPU.Build.0 = Debug|Any CPU
		{35AE2EE6-FCFF-4F5C-86EE-343655F6242C}.Release|Any CPU.ActiveCfg = Release|Any CPU
		{35AE2EE6-FCFF-4F5C-86EE-343655F6242C}.Release|Any CPU.Build.0 = Release|Any CPU
	EndGlobalSection
	GlobalSection(SolutionProperties) = preSolution
		HideSolutionNode = FALSE
	EndGlobalSection
	GlobalSection(ExtensibilityGlobals) = postSolution
		SolutionGuid = {4BB4B3CC-AA75-45F9-81E1-B73C5A79DF12}
	EndGlobalSection
EndGlobal
